
Microsoft Visual Studio Solution File, Format Version 12.00
# Visual Studio Version 17
VisualStudioVersion = 17.0.31521.260
MinimumVisualStudioVersion = 10.0.40219.1
Project("{9A19103F-16F7-4668-BE54-9A1E7A4F7556}") = "Store.DataAccessLayer", "Store.DataAccessLayer\Store.DataAccessLayer.csproj", "{57A0552C-D547-4CEF-AC0D-7A819473E89E}"
EndProject
Project("{9A19103F-16F7-4668-BE54-9A1E7A4F7556}") = "Store.BusinessLogicLayer", "Store.BusinessLogicLayer\Store.BusinessLogicLayer.csproj", "{BDE606BA-5AAA-47D2-8D23-5DCD0EF7F443}"
EndProject
Project("{9A19103F-16F7-4668-BE54-9A1E7A4F7556}") = "Store.Presentation", "Store.Presentation\Store.Presentation.csproj", "{BCF4119E-7C2A-48D2-9032-9227BCB43318}"
EndProject
Project("{9A19103F-16F7-4668-BE54-9A1E7A4F7556}") = "Store.Shared", "Store.Shared\Store.Shared.csproj", "{AB3E5E8B-956E-4E27-A835-E59F77AB75B3}"
EndProject
Project("{2150E333-8FDC-42A3-9474-1A3956D46DE8}") = "Solution Items", "Solution Items", "{AB0567C5-91A3-482E-A8A6-395A7F9852EF}"
	ProjectSection(SolutionItems) = preProject
		featureList.txt = featureList.txt
	EndProjectSection
EndProject
Project("{9A19103F-16F7-4668-BE54-9A1E7A4F7556}") = "Store.Admin", "Store.Admin\Store.Admin.csproj", "{6C411F94-EDC6-4DDF-93F3-F5C9FD6B5344}"
EndProject
Project("{FAE04EC0-301F-11D3-BF4B-00C04F79EFBC}") = "Store.Blazor.Client", "Store.Blazor.Client\Store.Blazor.Client.csproj", "{4B608C3E-E3A5-4C0E-9A3C-183F1BD548AD}"
EndProject
Global
	GlobalSection(SolutionConfigurationPlatforms) = preSolution
		Debug|Any CPU = Debug|Any CPU
		Release|Any CPU = Release|Any CPU
	EndGlobalSection
	GlobalSection(ProjectConfigurationPlatforms) = postSolution
		{57A0552C-D547-4CEF-AC0D-7A819473E89E}.Debug|Any CPU.ActiveCfg = Debug|Any CPU
		{57A0552C-D547-4CEF-AC0D-7A819473E89E}.Debug|Any CPU.Build.0 = Debug|Any CPU
		{57A0552C-D547-4CEF-AC0D-7A819473E89E}.Release|Any CPU.ActiveCfg = Release|Any CPU
		{57A0552C-D547-4CEF-AC0D-7A819473E89E}.Release|Any CPU.Build.0 = Release|Any CPU
		{BDE606BA-5AAA-47D2-8D23-5DCD0EF7F443}.Debug|Any CPU.ActiveCfg = Debug|Any CPU
		{BDE606BA-5AAA-47D2-8D23-5DCD0EF7F443}.Debug|Any CPU.Build.0 = Debug|Any CPU
		{BDE606BA-5AAA-47D2-8D23-5DCD0EF7F443}.Release|Any CPU.ActiveCfg = Release|Any CPU
		{BDE606BA-5AAA-47D2-8D23-5DCD0EF7F443}.Release|Any CPU.Build.0 = Release|Any CPU
		{BCF4119E-7C2A-48D2-9032-9227BCB43318}.Debug|Any CPU.ActiveCfg = Debug|Any CPU
		{BCF4119E-7C2A-48D2-9032-9227BCB43318}.Debug|Any CPU.Build.0 = Debug|Any CPU
		{BCF4119E-7C2A-48D2-9032-9227BCB43318}.Release|Any CPU.ActiveCfg = Release|Any CPU
		{BCF4119E-7C2A-48D2-9032-9227BCB43318}.Release|Any CPU.Build.0 = Release|Any CPU
		{AB3E5E8B-956E-4E27-A835-E59F77AB75B3}.Debug|Any CPU.ActiveCfg = Debug|Any CPU
		{AB3E5E8B-956E-4E27-A835-E59F77AB75B3}.Debug|Any CPU.Build.0 = Debug|Any CPU
		{AB3E5E8B-956E-4E27-A835-E59F77AB75B3}.Release|Any CPU.ActiveCfg = Release|Any CPU
		{AB3E5E8B-956E-4E27-A835-E59F77AB75B3}.Release|Any CPU.Build.0 = Release|Any CPU
		{6C411F94-EDC6-4DDF-93F3-F5C9FD6B5344}.Debug|Any CPU.ActiveCfg = Debug|Any CPU
		{6C411F94-EDC6-4DDF-93F3-F5C9FD6B5344}.Debug|Any CPU.Build.0 = Debug|Any CPU
		{6C411F94-EDC6-4DDF-93F3-F5C9FD6B5344}.Release|Any CPU.ActiveCfg = Release|Any CPU
		{6C411F94-EDC6-4DDF-93F3-F5C9FD6B5344}.Release|Any CPU.Build.0 = Release|Any CPU
		{4B608C3E-E3A5-4C0E-9A3C-183F1BD548AD}.Debug|Any CPU.ActiveCfg = Debug|Any CPU
		{4B608C3E-E3A5-4C0E-9A3C-183F1BD548AD}.Debug|Any CPU.Build.0 = Debug|Any CPU
		{4B608C3E-E3A5-4C0E-9A3C-183F1BD548AD}.Release|Any CPU.ActiveCfg = Release|Any CPU
		{4B608C3E-E3A5-4C0E-9A3C-183F1BD548AD}.Release|Any CPU.Build.0 = Release|Any CPU
	EndGlobalSection
	GlobalSection(SolutionProperties) = preSolution
		HideSolutionNode = FALSE
	EndGlobalSection
	GlobalSection(ExtensibilityGlobals) = postSolution
		SolutionGuid = {EFDD1928-108F-47E8-BE35-D39E91584B3A}
	EndGlobalSection
EndGlobal
